
Microsoft Visual Studio Solution File, Format Version 12.00
# Visual Studio Version 17
VisualStudioVersion = 17.4.33213.308
MinimumVisualStudioVersion = 10.0.40219.1
Project("{FAE04EC0-301F-11D3-BF4B-00C04F79EFBC}") = "zadacha 1", "zadacha 1\zadacha 1.csproj", "{D30663F0-C654-4BFC-B0B9-1D5A015AC752}"
EndProject
Project("{FAE04EC0-301F-11D3-BF4B-00C04F79EFBC}") = "fibonachi", "fibonachi\fibonachi.csproj", "{28399E0E-8949-4CEC-AAB7-C2E76A62ED24}"
EndProject
Project("{FAE04EC0-301F-11D3-BF4B-00C04F79EFBC}") = "zadacha 2", "zadacha 2\zadacha 2.csproj", "{89A55961-B480-4EF6-977E-76F6FC262708}"
EndProject
Project("{FAE04EC0-301F-11D3-BF4B-00C04F79EFBC}") = "ZadachaVChas", "ZadachaVChas\ZadachaVChas.csproj", "{50603143-5569-4B96-85CB-6F6D7A62D745}"
EndProject
Global
	GlobalSection(SolutionConfigurationPlatforms) = preSolution
		Debug|Any CPU = Debug|Any CPU
		Release|Any CPU = Release|Any CPU
	EndGlobalSection
	GlobalSection(ProjectConfigurationPlatforms) = postSolution
		{D30663F0-C654-4BFC-B0B9-1D5A015AC752}.Debug|Any CPU.ActiveCfg = Debug|Any CPU
		{D30663F0-C654-4BFC-B0B9-1D5A015AC752}.Debug|Any CPU.Build.0 = Debug|Any CPU
		{D30663F0-C654-4BFC-B0B9-1D5A015AC752}.Release|Any CPU.ActiveCfg = Release|Any CPU
		{D30663F0-C654-4BFC-B0B9-1D5A015AC752}.Release|Any CPU.Build.0 = Release|Any CPU
		{28399E0E-8949-4CEC-AAB7-C2E76A62ED24}.Debug|Any CPU.ActiveCfg = Debug|Any CPU
		{28399E0E-8949-4CEC-AAB7-C2E76A62ED24}.Debug|Any CPU.Build.0 = Debug|Any CPU
		{28399E0E-8949-4CEC-AAB7-C2E76A62ED24}.Release|Any CPU.ActiveCfg = Release|Any CPU
		{28399E0E-8949-4CEC-AAB7-C2E76A62ED24}.Release|Any CPU.Build.0 = Release|Any CPU
		{89A55961-B480-4EF6-977E-76F6FC262708}.Debug|Any CPU.ActiveCfg = Debug|Any CPU
		{89A55961-B480-4EF6-977E-76F6FC262708}.Debug|Any CPU.Build.0 = Debug|Any CPU
		{89A55961-B480-4EF6-977E-76F6FC262708}.Release|Any CPU.ActiveCfg = Release|Any CPU
		{89A55961-B480-4EF6-977E-76F6FC262708}.Release|Any CPU.Build.0 = Release|Any CPU
		{50603143-5569-4B96-85CB-6F6D7A62D745}.Debug|Any CPU.ActiveCfg = Debug|Any CPU
		{50603143-5569-4B96-85CB-6F6D7A62D745}.Debug|Any CPU.Build.0 = Debug|Any CPU
		{50603143-5569-4B96-85CB-6F6D7A62D745}.Release|Any CPU.ActiveCfg = Release|Any CPU
		{50603143-5569-4B96-85CB-6F6D7A62D745}.Release|Any CPU.Build.0 = Release|Any CPU
	EndGlobalSection
	GlobalSection(SolutionProperties) = preSolution
		HideSolutionNode = FALSE
	EndGlobalSection
	GlobalSection(ExtensibilityGlobals) = postSolution
		SolutionGuid = {01822406-8E0E-42B1-B175-6FD05A95DE45}
	EndGlobalSection
EndGlobal
